
Microsoft Visual Studio Solution File, Format Version 12.00
# Visual Studio Version 16
VisualStudioVersion = 16.0.30523.141
MinimumVisualStudioVersion = 10.0.40219.1
Project("{FAE04EC0-301F-11D3-BF4B-00C04F79EFBC}") = "Praktisch.Gut", "Praktisch.Gut\Praktisch.Gut.csproj", "{1CC9D1A7-90C0-401B-B89B-F701FCAE8723}"
EndProject
Project("{FAE04EC0-301F-11D3-BF4B-00C04F79EFBC}") = "Praktish.Gut.2", "Praktish.Gut.2\Praktish.Gut.2.csproj", "{4FB1D58F-FBB6-4466-A1A8-90962BA3B2B9}"
EndProject
Global
	GlobalSection(SolutionConfigurationPlatforms) = preSolution
		Debug|Any CPU = Debug|Any CPU
		Release|Any CPU = Release|Any CPU
	EndGlobalSection
	GlobalSection(ProjectConfigurationPlatforms) = postSolution
		{1CC9D1A7-90C0-401B-B89B-F701FCAE8723}.Debug|Any CPU.ActiveCfg = Debug|Any CPU
		{1CC9D1A7-90C0-401B-B89B-F701FCAE8723}.Debug|Any CPU.Build.0 = Debug|Any CPU
		{1CC9D1A7-90C0-401B-B89B-F701FCAE8723}.Release|Any CPU.ActiveCfg = Release|Any CPU
		{1CC9D1A7-90C0-401B-B89B-F701FCAE8723}.Release|Any CPU.Build.0 = Release|Any CPU
		{4FB1D58F-FBB6-4466-A1A8-90962BA3B2B9}.Debug|Any CPU.ActiveCfg = Debug|Any CPU
		{4FB1D58F-FBB6-4466-A1A8-90962BA3B2B9}.Debug|Any CPU.Build.0 = Debug|Any CPU
		{4FB1D58F-FBB6-4466-A1A8-90962BA3B2B9}.Release|Any CPU.ActiveCfg = Release|Any CPU
		{4FB1D58F-FBB6-4466-A1A8-90962BA3B2B9}.Release|Any CPU.Build.0 = Release|Any CPU
	EndGlobalSection
	GlobalSection(SolutionProperties) = preSolution
		HideSolutionNode = FALSE
	EndGlobalSection
	GlobalSection(ExtensibilityGlobals) = postSolution
		SolutionGuid = {6DF7EFB9-8841-4A94-BE0C-E148FC14C905}
	EndGlobalSection
EndGlobal
